// !$*UTF8*$!
{
	archiveVersion = 1;
	classes = {
	};
	objectVersion = 46;
	objects = {

/* Begin PBXBuildFile section */
		0907D664158721E2009C395E /* AboutViewController.m in Sources */ = {isa = PBXBuildFile; fileRef = 0907D663158721E2009C395E /* AboutViewController.m */; };
		0907D66E15873BF9009C395E /* MapKit.framework in Frameworks */ = {isa = PBXBuildFile; fileRef = 0907D66D15873BF9009C395E /* MapKit.framework */; };
		0907D67115873DF6009C395E /* Location.m in Sources */ = {isa = PBXBuildFile; fileRef = 0907D67015873DF6009C395E /* Location.m */; };
		091E407815731F8900EE1F9E /* Event.m in Sources */ = {isa = PBXBuildFile; fileRef = 091E407715731F8900EE1F9E /* Event.m */; };
		09359FE81588930300B4EA3E /* pin_map.png in Resources */ = {isa = PBXBuildFile; fileRef = 09359FE61588930300B4EA3E /* pin_map.png */; };
		09359FE91588930300B4EA3E /* pin_map@2x.png in Resources */ = {isa = PBXBuildFile; fileRef = 09359FE71588930300B4EA3E /* pin_map@2x.png */; };
		09359FEB1588974400B4EA3E /* line@2x.png in Resources */ = {isa = PBXBuildFile; fileRef = 09359FEA1588974400B4EA3E /* line@2x.png */; };
		09359FED1588977500B4EA3E /* line.png in Resources */ = {isa = PBXBuildFile; fileRef = 09359FEC1588977500B4EA3E /* line.png */; };
		09517A83158AF4320016EDF8 /* Post.m in Sources */ = {isa = PBXBuildFile; fileRef = 09517A82158AF4320016EDF8 /* Post.m */; };
		098B1F6815B921CB00ACFAD1 /* ODRefreshControl.m in Sources */ = {isa = PBXBuildFile; fileRef = 098B1F6715B921CB00ACFAD1 /* ODRefreshControl.m */; };
		09A4459C1567A6CD00634C53 /* NSDate+TKCategory.m in Sources */ = {isa = PBXBuildFile; fileRef = 09A4458E1567A6CD00634C53 /* NSDate+TKCategory.m */; };
		09A4459D1567A6CD00634C53 /* TapkuLibrary.bundle in Resources */ = {isa = PBXBuildFile; fileRef = 09A4458F1567A6CD00634C53 /* TapkuLibrary.bundle */; };
		09A4459E1567A6CD00634C53 /* TKCalendarMonthTableViewController.m in Sources */ = {isa = PBXBuildFile; fileRef = 09A445911567A6CD00634C53 /* TKCalendarMonthTableViewController.m */; };
		09A4459F1567A6CD00634C53 /* TKCalendarMonthView.m in Sources */ = {isa = PBXBuildFile; fileRef = 09A445931567A6CD00634C53 /* TKCalendarMonthView.m */; };
		09A445A01567A6CD00634C53 /* TKCalendarMonthViewController.m in Sources */ = {isa = PBXBuildFile; fileRef = 09A445951567A6CD00634C53 /* TKCalendarMonthViewController.m */; };
		09A445A11567A6CD00634C53 /* TKGlobal.m in Sources */ = {isa = PBXBuildFile; fileRef = 09A445971567A6CD00634C53 /* TKGlobal.m */; };
		09A445A21567A6CD00634C53 /* UIImage+TKCategory.m in Sources */ = {isa = PBXBuildFile; fileRef = 09A445991567A6CD00634C53 /* UIImage+TKCategory.m */; };
		09A445A31567A6CD00634C53 /* UIView+TKCategory.m in Sources */ = {isa = PBXBuildFile; fileRef = 09A4459B1567A6CD00634C53 /* UIView+TKCategory.m */; };
		09A445B11568645D00634C53 /* CalendarViewController.m in Sources */ = {isa = PBXBuildFile; fileRef = 09A445B01568645D00634C53 /* CalendarViewController.m */; };
		09B27FF0157CBBDC0015FF1A /* QuartzCore.framework in Frameworks */ = {isa = PBXBuildFile; fileRef = 09B27FEE157CBBAE0015FF1A /* QuartzCore.framework */; };
		09B27FF5157D55A00015FF1A /* SVProgressHUD.bundle in Resources */ = {isa = PBXBuildFile; fileRef = 09B27FF2157D55A00015FF1A /* SVProgressHUD.bundle */; };
		09B27FF6157D55A00015FF1A /* SVProgressHUD.m in Sources */ = {isa = PBXBuildFile; fileRef = 09B27FF4157D55A00015FF1A /* SVProgressHUD.m */; };
		09F56C69157B73B30028ACEB /* EventDetailsViewController.m in Sources */ = {isa = PBXBuildFile; fileRef = 09F56C68157B73B30028ACEB /* EventDetailsViewController.m */; };
		A39E33ED155FA29F0076ED6D /* UIKit.framework in Frameworks */ = {isa = PBXBuildFile; fileRef = A39E33EC155FA29F0076ED6D /* UIKit.framework */; };
		A39E33EF155FA29F0076ED6D /* Foundation.framework in Frameworks */ = {isa = PBXBuildFile; fileRef = A39E33EE155FA29F0076ED6D /* Foundation.framework */; };
		A39E33F1155FA29F0076ED6D /* CoreGraphics.framework in Frameworks */ = {isa = PBXBuildFile; fileRef = A39E33F0155FA29F0076ED6D /* CoreGraphics.framework */; };
		A39E33F7155FA29F0076ED6D /* InfoPlist.strings in Resources */ = {isa = PBXBuildFile; fileRef = A39E33F5155FA29F0076ED6D /* InfoPlist.strings */; };
		A39E33F9155FA29F0076ED6D /* main.m in Sources */ = {isa = PBXBuildFile; fileRef = A39E33F8155FA29F0076ED6D /* main.m */; };
		A39E33FD155FA29F0076ED6D /* AppDelegate.m in Sources */ = {isa = PBXBuildFile; fileRef = A39E33FC155FA29F0076ED6D /* AppDelegate.m */; };
		A39E3400155FA29F0076ED6D /* MainStoryboard_iPhone.storyboard in Resources */ = {isa = PBXBuildFile; fileRef = A39E33FE155FA29F0076ED6D /* MainStoryboard_iPhone.storyboard */; };
		A39E340E155FA29F0076ED6D /* SenTestingKit.framework in Frameworks */ = {isa = PBXBuildFile; fileRef = A39E340D155FA29F0076ED6D /* SenTestingKit.framework */; };
		A39E340F155FA29F0076ED6D /* UIKit.framework in Frameworks */ = {isa = PBXBuildFile; fileRef = A39E33EC155FA29F0076ED6D /* UIKit.framework */; };
		A39E3410155FA29F0076ED6D /* Foundation.framework in Frameworks */ = {isa = PBXBuildFile; fileRef = A39E33EE155FA29F0076ED6D /* Foundation.framework */; };
		A39E3418155FA29F0076ED6D /* InfoPlist.strings in Resources */ = {isa = PBXBuildFile; fileRef = A39E3416155FA29F0076ED6D /* InfoPlist.strings */; };
		A39E341B155FA29F0076ED6D /* HI_CapacityTests.m in Sources */ = {isa = PBXBuildFile; fileRef = A39E341A155FA29F0076ED6D /* HI_CapacityTests.m */; };
		A39E343F1564E0D40076ED6D /* NSData+Base64.m in Sources */ = {isa = PBXBuildFile; fileRef = A39E342D1564E0D40076ED6D /* NSData+Base64.m */; };
		A39E34401564E0D40076ED6D /* NSDate+RFC1123.m in Sources */ = {isa = PBXBuildFile; fileRef = A39E342F1564E0D40076ED6D /* NSDate+RFC1123.m */; };
		A39E34411564E0D40076ED6D /* NSDictionary+RequestEncoding.m in Sources */ = {isa = PBXBuildFile; fileRef = A39E34311564E0D40076ED6D /* NSDictionary+RequestEncoding.m */; };
		A39E34421564E0D40076ED6D /* NSString+MKNetworkKitAdditions.m in Sources */ = {isa = PBXBuildFile; fileRef = A39E34331564E0D40076ED6D /* NSString+MKNetworkKitAdditions.m */; };
		A39E34431564E0D40076ED6D /* UIAlertView+MKNetworkKitAdditions.m in Sources */ = {isa = PBXBuildFile; fileRef = A39E34351564E0D40076ED6D /* UIAlertView+MKNetworkKitAdditions.m */; };
		A39E34441564E0D40076ED6D /* MKNetworkEngine.m in Sources */ = {isa = PBXBuildFile; fileRef = A39E34371564E0D40076ED6D /* MKNetworkEngine.m */; };
		A39E34451564E0D40076ED6D /* MKNetworkOperation.m in Sources */ = {isa = PBXBuildFile; fileRef = A39E343A1564E0D40076ED6D /* MKNetworkOperation.m */; settings = {COMPILER_FLAGS = "-w"; }; };
		A39E34461564E0D40076ED6D /* Reachability.m in Sources */ = {isa = PBXBuildFile; fileRef = A39E343D1564E0D40076ED6D /* Reachability.m */; };
		A39E34491564E17A0076ED6D /* CFNetwork.framework in Frameworks */ = {isa = PBXBuildFile; fileRef = A39E34481564E17A0076ED6D /* CFNetwork.framework */; };
		A39E344B1564E2610076ED6D /* SystemConfiguration.framework in Frameworks */ = {isa = PBXBuildFile; fileRef = A39E344A1564E2610076ED6D /* SystemConfiguration.framework */; };
		A39E344D1564E2660076ED6D /* Security.framework in Frameworks */ = {isa = PBXBuildFile; fileRef = A39E344C1564E2660076ED6D /* Security.framework */; };
		A39E34501564E4830076ED6D /* HTTPEngine.m in Sources */ = {isa = PBXBuildFile; fileRef = A39E344F1564E4830076ED6D /* HTTPEngine.m */; };
		A3EF4AD615C89A4500ADAB58 /* iTunesArtwork.png in Resources */ = {isa = PBXBuildFile; fileRef = A3EF4AD515C89A4500ADAB58 /* iTunesArtwork.png */; };
		C809EC5C157DED270040371E /* HICapIcon.png in Resources */ = {isa = PBXBuildFile; fileRef = C809EC5B157DED270040371E /* HICapIcon.png */; };
		C809EC5E157DED310040371E /* HICapIcon@2x.png in Resources */ = {isa = PBXBuildFile; fileRef = C809EC5D157DED310040371E /* HICapIcon@2x.png */; };
		C8407A6D15662EFA001CAB68 /* PostsViewController.m in Sources */ = {isa = PBXBuildFile; fileRef = C8407A6C15662EFA001CAB68 /* PostsViewController.m */; };
		C8407A7015663806001CAB68 /* PostContentViewController.m in Sources */ = {isa = PBXBuildFile; fileRef = C8407A6F15663806001CAB68 /* PostContentViewController.m */; };
		C88D0AFB15B49A560012C07B /* calendar.png in Resources */ = {isa = PBXBuildFile; fileRef = C88D0AF715B49A560012C07B /* calendar.png */; };
		C88D0AFC15B49A560012C07B /* calendar@2x.png in Resources */ = {isa = PBXBuildFile; fileRef = C88D0AF815B49A560012C07B /* calendar@2x.png */; };
		C88D0AFD15B49A560012C07B /* info.png in Resources */ = {isa = PBXBuildFile; fileRef = C88D0AF915B49A560012C07B /* info.png */; };
		C88D0AFE15B49A560012C07B /* info@2x.png in Resources */ = {isa = PBXBuildFile; fileRef = C88D0AFA15B49A560012C07B /* info@2x.png */; };
		C88D0B0115B49CA70012C07B /* posts.png in Resources */ = {isa = PBXBuildFile; fileRef = C88D0AFF15B49CA70012C07B /* posts.png */; };
		C88D0B0215B49CA70012C07B /* posts@2x.png in Resources */ = {isa = PBXBuildFile; fileRef = C88D0B0015B49CA70012C07B /* posts@2x.png */; };
		C89BB1981584D28D00A27EA1 /* Default@2x.png in Resources */ = {isa = PBXBuildFile; fileRef = C89BB1971584D28D00A27EA1 /* Default@2x.png */; };
		C89BB19A1584D29000A27EA1 /* Default.png in Resources */ = {isa = PBXBuildFile; fileRef = C89BB1991584D29000A27EA1 /* Default.png */; };
		C89BB1B415852AA800A27EA1 /* escheresque.png in Resources */ = {isa = PBXBuildFile; fileRef = C89BB1A215852AA800A27EA1 /* escheresque.png */; };
		C89BB1B515852AA800A27EA1 /* launch.png in Resources */ = {isa = PBXBuildFile; fileRef = C89BB1A315852AA800A27EA1 /* launch.png */; };
		C89BB1B615852AA800A27EA1 /* launch@2x.png in Resources */ = {isa = PBXBuildFile; fileRef = C89BB1A415852AA800A27EA1 /* launch@2x.png */; };
		C89BB1B715852AA800A27EA1 /* logo.png in Resources */ = {isa = PBXBuildFile; fileRef = C89BB1A515852AA800A27EA1 /* logo.png */; };
		C89BB1B815852AA800A27EA1 /* logo@2x.png in Resources */ = {isa = PBXBuildFile; fileRef = C89BB1A615852AA800A27EA1 /* logo@2x.png */; };
		C89BB1B915852AA800A27EA1 /* navbar.png in Resources */ = {isa = PBXBuildFile; fileRef = C89BB1A715852AA800A27EA1 /* navbar.png */; };
		C89BB1BA15852AA800A27EA1 /* navbar@2x.png in Resources */ = {isa = PBXBuildFile; fileRef = C89BB1A815852AA800A27EA1 /* navbar@2x.png */; };
		C89BB1BB15852AA800A27EA1 /* noise.png in Resources */ = {isa = PBXBuildFile; fileRef = C89BB1A915852AA800A27EA1 /* noise.png */; };
		C89BB1BC15852AA800A27EA1 /* selected.png in Resources */ = {isa = PBXBuildFile; fileRef = C89BB1AA15852AA800A27EA1 /* selected.png */; };
		C89BB1BD15852AA800A27EA1 /* selected@2x.png in Resources */ = {isa = PBXBuildFile; fileRef = C89BB1AB15852AA800A27EA1 /* selected@2x.png */; };
		C89BB1BE15852AA800A27EA1 /* tabbar.png in Resources */ = {isa = PBXBuildFile; fileRef = C89BB1AC15852AA800A27EA1 /* tabbar.png */; };
		C89BB1BF15852AA800A27EA1 /* tabbar@2x.png in Resources */ = {isa = PBXBuildFile; fileRef = C89BB1AD15852AA800A27EA1 /* tabbar@2x.png */; };
/* End PBXBuildFile section */

/* Begin PBXContainerItemProxy section */
		A39E3411155FA29F0076ED6D /* PBXContainerItemProxy */ = {
			isa = PBXContainerItemProxy;
			containerPortal = A39E33DF155FA29E0076ED6D /* Project object */;
			proxyType = 1;
			remoteGlobalIDString = A39E33E7155FA29F0076ED6D;
			remoteInfo = "HI Capacity";
		};
/* End PBXContainerItemProxy section */

/* Begin PBXFileReference section */
		0907D662158721E2009C395E /* AboutViewController.h */ = {isa = PBXFileReference; fileEncoding = 4; lastKnownFileType = sourcecode.c.h; path = AboutViewController.h; sourceTree = "<group>"; };
		0907D663158721E2009C395E /* AboutViewController.m */ = {isa = PBXFileReference; fileEncoding = 4; lastKnownFileType = sourcecode.c.objc; path = AboutViewController.m; sourceTree = "<group>"; };
		0907D66D15873BF9009C395E /* MapKit.framework */ = {isa = PBXFileReference; lastKnownFileType = wrapper.framework; name = MapKit.framework; path = System/Library/Frameworks/MapKit.framework; sourceTree = SDKROOT; };
		0907D66F15873DF6009C395E /* Location.h */ = {isa = PBXFileReference; fileEncoding = 4; lastKnownFileType = sourcecode.c.h; path = Location.h; sourceTree = "<group>"; };
		0907D67015873DF6009C395E /* Location.m */ = {isa = PBXFileReference; fileEncoding = 4; lastKnownFileType = sourcecode.c.objc; path = Location.m; sourceTree = "<group>"; };
		091E407615731F8900EE1F9E /* Event.h */ = {isa = PBXFileReference; fileEncoding = 4; lastKnownFileType = sourcecode.c.h; path = Event.h; sourceTree = "<group>"; };
		091E407715731F8900EE1F9E /* Event.m */ = {isa = PBXFileReference; fileEncoding = 4; lastKnownFileType = sourcecode.c.objc; lineEnding = 0; path = Event.m; sourceTree = "<group>"; xcLanguageSpecificationIdentifier = xcode.lang.objc; };
		09359FE3158892AD00B4EA3E /* noise.png */ = {isa = PBXFileReference; lastKnownFileType = image.png; path = noise.png; sourceTree = "<group>"; };
		09359FE61588930300B4EA3E /* pin_map.png */ = {isa = PBXFileReference; lastKnownFileType = image.png; path = pin_map.png; sourceTree = "<group>"; };
		09359FE71588930300B4EA3E /* pin_map@2x.png */ = {isa = PBXFileReference; lastKnownFileType = image.png; path = "pin_map@2x.png"; sourceTree = "<group>"; };
		09359FEA1588974400B4EA3E /* line@2x.png */ = {isa = PBXFileReference; lastKnownFileType = image.png; path = "line@2x.png"; sourceTree = "<group>"; };
		09359FEC1588977500B4EA3E /* line.png */ = {isa = PBXFileReference; lastKnownFileType = image.png; path = line.png; sourceTree = "<group>"; };
		09517A81158AF4320016EDF8 /* Post.h */ = {isa = PBXFileReference; fileEncoding = 4; lastKnownFileType = sourcecode.c.h; path = Post.h; sourceTree = "<group>"; };
		09517A82158AF4320016EDF8 /* Post.m */ = {isa = PBXFileReference; fileEncoding = 4; lastKnownFileType = sourcecode.c.objc; path = Post.m; sourceTree = "<group>"; };
		098B1F6615B921CB00ACFAD1 /* ODRefreshControl.h */ = {isa = PBXFileReference; fileEncoding = 4; lastKnownFileType = sourcecode.c.h; path = ODRefreshControl.h; sourceTree = "<group>"; };
		098B1F6715B921CB00ACFAD1 /* ODRefreshControl.m */ = {isa = PBXFileReference; fileEncoding = 4; lastKnownFileType = sourcecode.c.objc; path = ODRefreshControl.m; sourceTree = "<group>"; };
		09A4458D1567A6CD00634C53 /* NSDate+TKCategory.h */ = {isa = PBXFileReference; fileEncoding = 4; lastKnownFileType = sourcecode.c.h; path = "NSDate+TKCategory.h"; sourceTree = "<group>"; };
		09A4458E1567A6CD00634C53 /* NSDate+TKCategory.m */ = {isa = PBXFileReference; fileEncoding = 4; lastKnownFileType = sourcecode.c.objc; lineEnding = 0; path = "NSDate+TKCategory.m"; sourceTree = "<group>"; xcLanguageSpecificationIdentifier = xcode.lang.objc; };
		09A4458F1567A6CD00634C53 /* TapkuLibrary.bundle */ = {isa = PBXFileReference; lastKnownFileType = "wrapper.plug-in"; path = TapkuLibrary.bundle; sourceTree = "<group>"; };
		09A445901567A6CD00634C53 /* TKCalendarMonthTableViewController.h */ = {isa = PBXFileReference; fileEncoding = 4; lastKnownFileType = sourcecode.c.h; path = TKCalendarMonthTableViewController.h; sourceTree = "<group>"; };
		09A445911567A6CD00634C53 /* TKCalendarMonthTableViewController.m */ = {isa = PBXFileReference; fileEncoding = 4; lastKnownFileType = sourcecode.c.objc; path = TKCalendarMonthTableViewController.m; sourceTree = "<group>"; };
		09A445921567A6CD00634C53 /* TKCalendarMonthView.h */ = {isa = PBXFileReference; fileEncoding = 4; lastKnownFileType = sourcecode.c.h; path = TKCalendarMonthView.h; sourceTree = "<group>"; };
		09A445931567A6CD00634C53 /* TKCalendarMonthView.m */ = {isa = PBXFileReference; fileEncoding = 4; lastKnownFileType = sourcecode.c.objc; lineEnding = 0; path = TKCalendarMonthView.m; sourceTree = "<group>"; xcLanguageSpecificationIdentifier = xcode.lang.objc; };
		09A445941567A6CD00634C53 /* TKCalendarMonthViewController.h */ = {isa = PBXFileReference; fileEncoding = 4; lastKnownFileType = sourcecode.c.h; path = TKCalendarMonthViewController.h; sourceTree = "<group>"; };
		09A445951567A6CD00634C53 /* TKCalendarMonthViewController.m */ = {isa = PBXFileReference; fileEncoding = 4; lastKnownFileType = sourcecode.c.objc; path = TKCalendarMonthViewController.m; sourceTree = "<group>"; };
		09A445961567A6CD00634C53 /* TKGlobal.h */ = {isa = PBXFileReference; fileEncoding = 4; lastKnownFileType = sourcecode.c.h; path = TKGlobal.h; sourceTree = "<group>"; };
		09A445971567A6CD00634C53 /* TKGlobal.m */ = {isa = PBXFileReference; fileEncoding = 4; lastKnownFileType = sourcecode.c.objc; path = TKGlobal.m; sourceTree = "<group>"; };
		09A445981567A6CD00634C53 /* UIImage+TKCategory.h */ = {isa = PBXFileReference; fileEncoding = 4; lastKnownFileType = sourcecode.c.h; path = "UIImage+TKCategory.h"; sourceTree = "<group>"; };
		09A445991567A6CD00634C53 /* UIImage+TKCategory.m */ = {isa = PBXFileReference; fileEncoding = 4; lastKnownFileType = sourcecode.c.objc; path = "UIImage+TKCategory.m"; sourceTree = "<group>"; };
		09A4459A1567A6CD00634C53 /* UIView+TKCategory.h */ = {isa = PBXFileReference; fileEncoding = 4; lastKnownFileType = sourcecode.c.h; path = "UIView+TKCategory.h"; sourceTree = "<group>"; };
		09A4459B1567A6CD00634C53 /* UIView+TKCategory.m */ = {isa = PBXFileReference; fileEncoding = 4; lastKnownFileType = sourcecode.c.objc; path = "UIView+TKCategory.m"; sourceTree = "<group>"; };
		09A445AF1568645D00634C53 /* CalendarViewController.h */ = {isa = PBXFileReference; fileEncoding = 4; lastKnownFileType = sourcecode.c.h; path = CalendarViewController.h; sourceTree = "<group>"; };
		09A445B01568645D00634C53 /* CalendarViewController.m */ = {isa = PBXFileReference; fileEncoding = 4; lastKnownFileType = sourcecode.c.objc; lineEnding = 0; path = CalendarViewController.m; sourceTree = "<group>"; xcLanguageSpecificationIdentifier = xcode.lang.objc; };
		09B27FEE157CBBAE0015FF1A /* QuartzCore.framework */ = {isa = PBXFileReference; lastKnownFileType = wrapper.framework; name = QuartzCore.framework; path = System/Library/Frameworks/QuartzCore.framework; sourceTree = SDKROOT; };
		09B27FF2157D55A00015FF1A /* SVProgressHUD.bundle */ = {isa = PBXFileReference; lastKnownFileType = "wrapper.plug-in"; path = SVProgressHUD.bundle; sourceTree = "<group>"; };
		09B27FF3157D55A00015FF1A /* SVProgressHUD.h */ = {isa = PBXFileReference; fileEncoding = 4; lastKnownFileType = sourcecode.c.h; path = SVProgressHUD.h; sourceTree = "<group>"; };
		09B27FF4157D55A00015FF1A /* SVProgressHUD.m */ = {isa = PBXFileReference; fileEncoding = 4; lastKnownFileType = sourcecode.c.objc; path = SVProgressHUD.m; sourceTree = "<group>"; };
		09F56C67157B73B30028ACEB /* EventDetailsViewController.h */ = {isa = PBXFileReference; fileEncoding = 4; lastKnownFileType = sourcecode.c.h; path = EventDetailsViewController.h; sourceTree = "<group>"; };
		09F56C68157B73B30028ACEB /* EventDetailsViewController.m */ = {isa = PBXFileReference; fileEncoding = 4; lastKnownFileType = sourcecode.c.objc; path = EventDetailsViewController.m; sourceTree = "<group>"; };
		A39E33E8155FA29F0076ED6D /* HI Capacity.app */ = {isa = PBXFileReference; explicitFileType = wrapper.application; includeInIndex = 0; path = "HI Capacity.app"; sourceTree = BUILT_PRODUCTS_DIR; };
		A39E33EC155FA29F0076ED6D /* UIKit.framework */ = {isa = PBXFileReference; lastKnownFileType = wrapper.framework; name = UIKit.framework; path = System/Library/Frameworks/UIKit.framework; sourceTree = SDKROOT; };
		A39E33EE155FA29F0076ED6D /* Foundation.framework */ = {isa = PBXFileReference; lastKnownFileType = wrapper.framework; name = Foundation.framework; path = System/Library/Frameworks/Foundation.framework; sourceTree = SDKROOT; };
		A39E33F0155FA29F0076ED6D /* CoreGraphics.framework */ = {isa = PBXFileReference; lastKnownFileType = wrapper.framework; name = CoreGraphics.framework; path = System/Library/Frameworks/CoreGraphics.framework; sourceTree = SDKROOT; };
		A39E33F4155FA29F0076ED6D /* HI Capacity-Info.plist */ = {isa = PBXFileReference; lastKnownFileType = text.plist.xml; path = "HI Capacity-Info.plist"; sourceTree = "<group>"; };
		A39E33F6155FA29F0076ED6D /* en */ = {isa = PBXFileReference; lastKnownFileType = text.plist.strings; name = en; path = en.lproj/InfoPlist.strings; sourceTree = "<group>"; };
		A39E33F8155FA29F0076ED6D /* main.m */ = {isa = PBXFileReference; lastKnownFileType = sourcecode.c.objc; path = main.m; sourceTree = "<group>"; };
		A39E33FA155FA29F0076ED6D /* HI Capacity-Prefix.pch */ = {isa = PBXFileReference; lastKnownFileType = sourcecode.c.h; path = "HI Capacity-Prefix.pch"; sourceTree = "<group>"; };
		A39E33FB155FA29F0076ED6D /* AppDelegate.h */ = {isa = PBXFileReference; lastKnownFileType = sourcecode.c.h; path = AppDelegate.h; sourceTree = "<group>"; };
		A39E33FC155FA29F0076ED6D /* AppDelegate.m */ = {isa = PBXFileReference; lastKnownFileType = sourcecode.c.objc; path = AppDelegate.m; sourceTree = "<group>"; };
		A39E33FF155FA29F0076ED6D /* en */ = {isa = PBXFileReference; lastKnownFileType = file.storyboard; name = en; path = en.lproj/MainStoryboard_iPhone.storyboard; sourceTree = "<group>"; };
		A39E340C155FA29F0076ED6D /* HI CapacityTests.octest */ = {isa = PBXFileReference; explicitFileType = wrapper.cfbundle; includeInIndex = 0; path = "HI CapacityTests.octest"; sourceTree = BUILT_PRODUCTS_DIR; };
		A39E340D155FA29F0076ED6D /* SenTestingKit.framework */ = {isa = PBXFileReference; lastKnownFileType = wrapper.framework; name = SenTestingKit.framework; path = Library/Frameworks/SenTestingKit.framework; sourceTree = DEVELOPER_DIR; };
		A39E3415155FA29F0076ED6D /* HI CapacityTests-Info.plist */ = {isa = PBXFileReference; lastKnownFileType = text.plist.xml; path = "HI CapacityTests-Info.plist"; sourceTree = "<group>"; };
		A39E3417155FA29F0076ED6D /* en */ = {isa = PBXFileReference; lastKnownFileType = text.plist.strings; name = en; path = en.lproj/InfoPlist.strings; sourceTree = "<group>"; };
		A39E3419155FA29F0076ED6D /* HI_CapacityTests.h */ = {isa = PBXFileReference; lastKnownFileType = sourcecode.c.h; path = HI_CapacityTests.h; sourceTree = "<group>"; };
		A39E341A155FA29F0076ED6D /* HI_CapacityTests.m */ = {isa = PBXFileReference; lastKnownFileType = sourcecode.c.objc; path = HI_CapacityTests.m; sourceTree = "<group>"; };
		A39E342C1564E0D40076ED6D /* NSData+Base64.h */ = {isa = PBXFileReference; fileEncoding = 4; lastKnownFileType = sourcecode.c.h; path = "NSData+Base64.h"; sourceTree = "<group>"; };
		A39E342D1564E0D40076ED6D /* NSData+Base64.m */ = {isa = PBXFileReference; fileEncoding = 4; lastKnownFileType = sourcecode.c.objc; path = "NSData+Base64.m"; sourceTree = "<group>"; };
		A39E342E1564E0D40076ED6D /* NSDate+RFC1123.h */ = {isa = PBXFileReference; fileEncoding = 4; lastKnownFileType = sourcecode.c.h; path = "NSDate+RFC1123.h"; sourceTree = "<group>"; };
		A39E342F1564E0D40076ED6D /* NSDate+RFC1123.m */ = {isa = PBXFileReference; fileEncoding = 4; lastKnownFileType = sourcecode.c.objc; path = "NSDate+RFC1123.m"; sourceTree = "<group>"; };
		A39E34301564E0D40076ED6D /* NSDictionary+RequestEncoding.h */ = {isa = PBXFileReference; fileEncoding = 4; lastKnownFileType = sourcecode.c.h; path = "NSDictionary+RequestEncoding.h"; sourceTree = "<group>"; };
		A39E34311564E0D40076ED6D /* NSDictionary+RequestEncoding.m */ = {isa = PBXFileReference; fileEncoding = 4; lastKnownFileType = sourcecode.c.objc; path = "NSDictionary+RequestEncoding.m"; sourceTree = "<group>"; };
		A39E34321564E0D40076ED6D /* NSString+MKNetworkKitAdditions.h */ = {isa = PBXFileReference; fileEncoding = 4; lastKnownFileType = sourcecode.c.h; path = "NSString+MKNetworkKitAdditions.h"; sourceTree = "<group>"; };
		A39E34331564E0D40076ED6D /* NSString+MKNetworkKitAdditions.m */ = {isa = PBXFileReference; fileEncoding = 4; lastKnownFileType = sourcecode.c.objc; path = "NSString+MKNetworkKitAdditions.m"; sourceTree = "<group>"; };
		A39E34341564E0D40076ED6D /* UIAlertView+MKNetworkKitAdditions.h */ = {isa = PBXFileReference; fileEncoding = 4; lastKnownFileType = sourcecode.c.h; path = "UIAlertView+MKNetworkKitAdditions.h"; sourceTree = "<group>"; };
		A39E34351564E0D40076ED6D /* UIAlertView+MKNetworkKitAdditions.m */ = {isa = PBXFileReference; fileEncoding = 4; lastKnownFileType = sourcecode.c.objc; path = "UIAlertView+MKNetworkKitAdditions.m"; sourceTree = "<group>"; };
		A39E34361564E0D40076ED6D /* MKNetworkEngine.h */ = {isa = PBXFileReference; fileEncoding = 4; lastKnownFileType = sourcecode.c.h; path = MKNetworkEngine.h; sourceTree = "<group>"; };
		A39E34371564E0D40076ED6D /* MKNetworkEngine.m */ = {isa = PBXFileReference; fileEncoding = 4; lastKnownFileType = sourcecode.c.objc; path = MKNetworkEngine.m; sourceTree = "<group>"; };
		A39E34381564E0D40076ED6D /* MKNetworkKit.h */ = {isa = PBXFileReference; fileEncoding = 4; lastKnownFileType = sourcecode.c.h; path = MKNetworkKit.h; sourceTree = "<group>"; };
		A39E34391564E0D40076ED6D /* MKNetworkOperation.h */ = {isa = PBXFileReference; fileEncoding = 4; lastKnownFileType = sourcecode.c.h; path = MKNetworkOperation.h; sourceTree = "<group>"; };
		A39E343A1564E0D40076ED6D /* MKNetworkOperation.m */ = {isa = PBXFileReference; fileEncoding = 4; lastKnownFileType = sourcecode.c.objc; path = MKNetworkOperation.m; sourceTree = "<group>"; };
		A39E343C1564E0D40076ED6D /* Reachability.h */ = {isa = PBXFileReference; fileEncoding = 4; lastKnownFileType = sourcecode.c.h; path = Reachability.h; sourceTree = "<group>"; };
		A39E343D1564E0D40076ED6D /* Reachability.m */ = {isa = PBXFileReference; fileEncoding = 4; lastKnownFileType = sourcecode.c.objc; path = Reachability.m; sourceTree = "<group>"; };
		A39E34481564E17A0076ED6D /* CFNetwork.framework */ = {isa = PBXFileReference; lastKnownFileType = wrapper.framework; name = CFNetwork.framework; path = System/Library/Frameworks/CFNetwork.framework; sourceTree = SDKROOT; };
		A39E344A1564E2610076ED6D /* SystemConfiguration.framework */ = {isa = PBXFileReference; lastKnownFileType = wrapper.framework; name = SystemConfiguration.framework; path = System/Library/Frameworks/SystemConfiguration.framework; sourceTree = SDKROOT; };
		A39E344C1564E2660076ED6D /* Security.framework */ = {isa = PBXFileReference; lastKnownFileType = wrapper.framework; name = Security.framework; path = System/Library/Frameworks/Security.framework; sourceTree = SDKROOT; };
		A39E344E1564E4830076ED6D /* HTTPEngine.h */ = {isa = PBXFileReference; fileEncoding = 4; lastKnownFileType = sourcecode.c.h; path = HTTPEngine.h; sourceTree = "<group>"; };
		A39E344F1564E4830076ED6D /* HTTPEngine.m */ = {isa = PBXFileReference; fileEncoding = 4; lastKnownFileType = sourcecode.c.objc; path = HTTPEngine.m; sourceTree = "<group>"; };
		A3EF4AD515C89A4500ADAB58 /* iTunesArtwork.png */ = {isa = PBXFileReference; lastKnownFileType = image.png; path = iTunesArtwork.png; sourceTree = "<group>"; };
		C809EC5B157DED270040371E /* HICapIcon.png */ = {isa = PBXFileReference; lastKnownFileType = image.png; path = HICapIcon.png; sourceTree = "<group>"; };
		C809EC5D157DED310040371E /* HICapIcon@2x.png */ = {isa = PBXFileReference; lastKnownFileType = image.png; path = "HICapIcon@2x.png"; sourceTree = "<group>"; };
		C8407A6B15662EF9001CAB68 /* PostsViewController.h */ = {isa = PBXFileReference; fileEncoding = 4; lastKnownFileType = sourcecode.c.h; path = PostsViewController.h; sourceTree = "<group>"; };
		C8407A6C15662EFA001CAB68 /* PostsViewController.m */ = {isa = PBXFileReference; fileEncoding = 4; lastKnownFileType = sourcecode.c.objc; path = PostsViewController.m; sourceTree = "<group>"; };
		C8407A6E15663806001CAB68 /* PostContentViewController.h */ = {isa = PBXFileReference; fileEncoding = 4; lastKnownFileType = sourcecode.c.h; path = PostContentViewController.h; sourceTree = "<group>"; };
		C8407A6F15663806001CAB68 /* PostContentViewController.m */ = {isa = PBXFileReference; fileEncoding = 4; lastKnownFileType = sourcecode.c.objc; path = PostContentViewController.m; sourceTree = "<group>"; };
		C88D0AF715B49A560012C07B /* calendar.png */ = {isa = PBXFileReference; lastKnownFileType = image.png; path = calendar.png; sourceTree = "<group>"; };
		C88D0AF815B49A560012C07B /* calendar@2x.png */ = {isa = PBXFileReference; lastKnownFileType = image.png; path = "calendar@2x.png"; sourceTree = "<group>"; };
		C88D0AF915B49A560012C07B /* info.png */ = {isa = PBXFileReference; lastKnownFileType = image.png; path = info.png; sourceTree = "<group>"; };
		C88D0AFA15B49A560012C07B /* info@2x.png */ = {isa = PBXFileReference; lastKnownFileType = image.png; path = "info@2x.png"; sourceTree = "<group>"; };
		C88D0AFF15B49CA70012C07B /* posts.png */ = {isa = PBXFileReference; lastKnownFileType = image.png; path = posts.png; sourceTree = "<group>"; };
		C88D0B0015B49CA70012C07B /* posts@2x.png */ = {isa = PBXFileReference; lastKnownFileType = image.png; path = "posts@2x.png"; sourceTree = "<group>"; };
		C89BB1971584D28D00A27EA1 /* Default@2x.png */ = {isa = PBXFileReference; lastKnownFileType = image.png; path = "Default@2x.png"; sourceTree = "<group>"; };
		C89BB1991584D29000A27EA1 /* Default.png */ = {isa = PBXFileReference; lastKnownFileType = image.png; path = Default.png; sourceTree = "<group>"; };
		C89BB1A215852AA800A27EA1 /* escheresque.png */ = {isa = PBXFileReference; lastKnownFileType = image.png; path = escheresque.png; sourceTree = "<group>"; };
		C89BB1A315852AA800A27EA1 /* launch.png */ = {isa = PBXFileReference; lastKnownFileType = image.png; path = launch.png; sourceTree = "<group>"; };
		C89BB1A415852AA800A27EA1 /* launch@2x.png */ = {isa = PBXFileReference; lastKnownFileType = image.png; path = "launch@2x.png"; sourceTree = "<group>"; };
		C89BB1A515852AA800A27EA1 /* logo.png */ = {isa = PBXFileReference; lastKnownFileType = image.png; path = logo.png; sourceTree = "<group>"; };
		C89BB1A615852AA800A27EA1 /* logo@2x.png */ = {isa = PBXFileReference; lastKnownFileType = image.png; path = "logo@2x.png"; sourceTree = "<group>"; };
		C89BB1A715852AA800A27EA1 /* navbar.png */ = {isa = PBXFileReference; lastKnownFileType = image.png; path = navbar.png; sourceTree = "<group>"; };
		C89BB1A815852AA800A27EA1 /* navbar@2x.png */ = {isa = PBXFileReference; lastKnownFileType = image.png; path = "navbar@2x.png"; sourceTree = "<group>"; };
		C89BB1A915852AA800A27EA1 /* noise.png */ = {isa = PBXFileReference; lastKnownFileType = image.png; path = noise.png; sourceTree = "<group>"; };
		C89BB1AA15852AA800A27EA1 /* selected.png */ = {isa = PBXFileReference; lastKnownFileType = image.png; path = selected.png; sourceTree = "<group>"; };
		C89BB1AB15852AA800A27EA1 /* selected@2x.png */ = {isa = PBXFileReference; lastKnownFileType = image.png; path = "selected@2x.png"; sourceTree = "<group>"; };
		C89BB1AC15852AA800A27EA1 /* tabbar.png */ = {isa = PBXFileReference; lastKnownFileType = image.png; path = tabbar.png; sourceTree = "<group>"; };
		C89BB1AD15852AA800A27EA1 /* tabbar@2x.png */ = {isa = PBXFileReference; lastKnownFileType = image.png; path = "tabbar@2x.png"; sourceTree = "<group>"; };
/* End PBXFileReference section */

/* Begin PBXFrameworksBuildPhase section */
		A39E33E5155FA29F0076ED6D /* Frameworks */ = {
			isa = PBXFrameworksBuildPhase;
			buildActionMask = 2147483647;
			files = (
				0907D66E15873BF9009C395E /* MapKit.framework in Frameworks */,
				09B27FF0157CBBDC0015FF1A /* QuartzCore.framework in Frameworks */,
				A39E344D1564E2660076ED6D /* Security.framework in Frameworks */,
				A39E344B1564E2610076ED6D /* SystemConfiguration.framework in Frameworks */,
				A39E34491564E17A0076ED6D /* CFNetwork.framework in Frameworks */,
				A39E33ED155FA29F0076ED6D /* UIKit.framework in Frameworks */,
				A39E33EF155FA29F0076ED6D /* Foundation.framework in Frameworks */,
				A39E33F1155FA29F0076ED6D /* CoreGraphics.framework in Frameworks */,
			);
			runOnlyForDeploymentPostprocessing = 0;
		};
		A39E3408155FA29F0076ED6D /* Frameworks */ = {
			isa = PBXFrameworksBuildPhase;
			buildActionMask = 2147483647;
			files = (
				A39E340E155FA29F0076ED6D /* SenTestingKit.framework in Frameworks */,
				A39E340F155FA29F0076ED6D /* UIKit.framework in Frameworks */,
				A39E3410155FA29F0076ED6D /* Foundation.framework in Frameworks */,
			);
			runOnlyForDeploymentPostprocessing = 0;
		};
/* End PBXFrameworksBuildPhase section */

/* Begin PBXGroup section */
		091E407515731F7A00EE1F9E /* Model */ = {
			isa = PBXGroup;
			children = (
				091E407615731F8900EE1F9E /* Event.h */,
				091E407715731F8900EE1F9E /* Event.m */,
				0907D66F15873DF6009C395E /* Location.h */,
				0907D67015873DF6009C395E /* Location.m */,
				09517A81158AF4320016EDF8 /* Post.h */,
				09517A82158AF4320016EDF8 /* Post.m */,
			);
			path = Model;
			sourceTree = "<group>";
		};
		098B1F6515B921CB00ACFAD1 /* ODRefreshControl */ = {
			isa = PBXGroup;
			children = (
				098B1F6615B921CB00ACFAD1 /* ODRefreshControl.h */,
				098B1F6715B921CB00ACFAD1 /* ODRefreshControl.m */,
			);
			name = ODRefreshControl;
			path = vendor/ODRefreshControl;
			sourceTree = "<group>";
		};
		09A4458C1567A6CD00634C53 /* TapkuLibrary */ = {
			isa = PBXGroup;
			children = (
				09A4458D1567A6CD00634C53 /* NSDate+TKCategory.h */,
				09A4458E1567A6CD00634C53 /* NSDate+TKCategory.m */,
				09A4458F1567A6CD00634C53 /* TapkuLibrary.bundle */,
				09A445901567A6CD00634C53 /* TKCalendarMonthTableViewController.h */,
				09A445911567A6CD00634C53 /* TKCalendarMonthTableViewController.m */,
				09A445921567A6CD00634C53 /* TKCalendarMonthView.h */,
				09A445931567A6CD00634C53 /* TKCalendarMonthView.m */,
				09A445941567A6CD00634C53 /* TKCalendarMonthViewController.h */,
				09A445951567A6CD00634C53 /* TKCalendarMonthViewController.m */,
				09A445961567A6CD00634C53 /* TKGlobal.h */,
				09A445971567A6CD00634C53 /* TKGlobal.m */,
				09A445981567A6CD00634C53 /* UIImage+TKCategory.h */,
				09A445991567A6CD00634C53 /* UIImage+TKCategory.m */,
				09A4459A1567A6CD00634C53 /* UIView+TKCategory.h */,
				09A4459B1567A6CD00634C53 /* UIView+TKCategory.m */,
			);
			name = TapkuLibrary;
			path = vendor/TapkuLibrary;
			sourceTree = "<group>";
		};
		09B27FF1157D55A00015FF1A /* SVProgressHUD */ = {
			isa = PBXGroup;
			children = (
				09B27FF2157D55A00015FF1A /* SVProgressHUD.bundle */,
				09B27FF3157D55A00015FF1A /* SVProgressHUD.h */,
				09B27FF4157D55A00015FF1A /* SVProgressHUD.m */,
			);
			name = SVProgressHUD;
			path = vendor/SVProgressHUD/SVProgressHUD;
			sourceTree = "<group>";
		};
		A39E33DD155FA29E0076ED6D = {
			isa = PBXGroup;
			children = (
				A3EF4AD515C89A4500ADAB58 /* iTunesArtwork.png */,
				0907D66D15873BF9009C395E /* MapKit.framework */,
				C89BB1991584D29000A27EA1 /* Default.png */,
				C89BB1971584D28D00A27EA1 /* Default@2x.png */,
				C809EC5D157DED310040371E /* HICapIcon@2x.png */,
				C809EC5B157DED270040371E /* HICapIcon.png */,
				09B27FEE157CBBAE0015FF1A /* QuartzCore.framework */,
				09B27FF1157D55A00015FF1A /* SVProgressHUD */,
				09A4458C1567A6CD00634C53 /* TapkuLibrary */,
				A39E34281564E0D40076ED6D /* MKNetworkKit */,
				098B1F6515B921CB00ACFAD1 /* ODRefreshControl */,
				A39E33F2155FA29F0076ED6D /* HI Capacity */,
				A39E3413155FA29F0076ED6D /* HI CapacityTests */,
				A39E33EB155FA29F0076ED6D /* Frameworks */,
				A39E33E9155FA29F0076ED6D /* Products */,
				C89BB19B15852AA800A27EA1 /* Images */,
			);
			sourceTree = "<group>";
		};
		A39E33E9155FA29F0076ED6D /* Products */ = {
			isa = PBXGroup;
			children = (
				A39E33E8155FA29F0076ED6D /* HI Capacity.app */,
				A39E340C155FA29F0076ED6D /* HI CapacityTests.octest */,
			);
			name = Products;
			sourceTree = "<group>";
		};
		A39E33EB155FA29F0076ED6D /* Frameworks */ = {
			isa = PBXGroup;
			children = (
				A39E344C1564E2660076ED6D /* Security.framework */,
				A39E344A1564E2610076ED6D /* SystemConfiguration.framework */,
				A39E34481564E17A0076ED6D /* CFNetwork.framework */,
				A39E33EC155FA29F0076ED6D /* UIKit.framework */,
				A39E33EE155FA29F0076ED6D /* Foundation.framework */,
				A39E33F0155FA29F0076ED6D /* CoreGraphics.framework */,
				A39E340D155FA29F0076ED6D /* SenTestingKit.framework */,
			);
			name = Frameworks;
			sourceTree = "<group>";
		};
		A39E33F2155FA29F0076ED6D /* HI Capacity */ = {
			isa = PBXGroup;
			children = (
				091E407515731F7A00EE1F9E /* Model */,
				A39E33FB155FA29F0076ED6D /* AppDelegate.h */,
				A39E33FC155FA29F0076ED6D /* AppDelegate.m */,
				A39E33FE155FA29F0076ED6D /* MainStoryboard_iPhone.storyboard */,
				A39E33F3155FA29F0076ED6D /* Supporting Files */,
				A39E344E1564E4830076ED6D /* HTTPEngine.h */,
				A39E344F1564E4830076ED6D /* HTTPEngine.m */,
				C8407A6B15662EF9001CAB68 /* PostsViewController.h */,
				C8407A6C15662EFA001CAB68 /* PostsViewController.m */,
				C8407A6E15663806001CAB68 /* PostContentViewController.h */,
				C8407A6F15663806001CAB68 /* PostContentViewController.m */,
				09A445AF1568645D00634C53 /* CalendarViewController.h */,
				09A445B01568645D00634C53 /* CalendarViewController.m */,
				09F56C67157B73B30028ACEB /* EventDetailsViewController.h */,
				09F56C68157B73B30028ACEB /* EventDetailsViewController.m */,
				0907D662158721E2009C395E /* AboutViewController.h */,
				0907D663158721E2009C395E /* AboutViewController.m */,
			);
			path = "HI Capacity";
			sourceTree = "<group>";
		};
		A39E33F3155FA29F0076ED6D /* Supporting Files */ = {
			isa = PBXGroup;
			children = (
				A39E33F4155FA29F0076ED6D /* HI Capacity-Info.plist */,
				A39E33F5155FA29F0076ED6D /* InfoPlist.strings */,
				A39E33F8155FA29F0076ED6D /* main.m */,
				A39E33FA155FA29F0076ED6D /* HI Capacity-Prefix.pch */,
			);
			name = "Supporting Files";
			sourceTree = "<group>";
		};
		A39E3413155FA29F0076ED6D /* HI CapacityTests */ = {
			isa = PBXGroup;
			children = (
				A39E3419155FA29F0076ED6D /* HI_CapacityTests.h */,
				A39E341A155FA29F0076ED6D /* HI_CapacityTests.m */,
				A39E3414155FA29F0076ED6D /* Supporting Files */,
			);
			path = "HI CapacityTests";
			sourceTree = "<group>";
		};
		A39E3414155FA29F0076ED6D /* Supporting Files */ = {
			isa = PBXGroup;
			children = (
				A39E3415155FA29F0076ED6D /* HI CapacityTests-Info.plist */,
				A39E3416155FA29F0076ED6D /* InfoPlist.strings */,
			);
			name = "Supporting Files";
			sourceTree = "<group>";
		};
		A39E34281564E0D40076ED6D /* MKNetworkKit */ = {
			isa = PBXGroup;
			children = (
				A39E34291564E0D40076ED6D /* Categories */,
				A39E34361564E0D40076ED6D /* MKNetworkEngine.h */,
				A39E34371564E0D40076ED6D /* MKNetworkEngine.m */,
				A39E34381564E0D40076ED6D /* MKNetworkKit.h */,
				A39E34391564E0D40076ED6D /* MKNetworkOperation.h */,
				A39E343A1564E0D40076ED6D /* MKNetworkOperation.m */,
				A39E343B1564E0D40076ED6D /* Reachability */,
			);
			name = MKNetworkKit;
			path = vendor/MKNetworkKit/MKNetworkKit;
			sourceTree = "<group>";
		};
		A39E34291564E0D40076ED6D /* Categories */ = {
			isa = PBXGroup;
			children = (
				A39E342C1564E0D40076ED6D /* NSData+Base64.h */,
				A39E342D1564E0D40076ED6D /* NSData+Base64.m */,
				A39E342E1564E0D40076ED6D /* NSDate+RFC1123.h */,
				A39E342F1564E0D40076ED6D /* NSDate+RFC1123.m */,
				A39E34301564E0D40076ED6D /* NSDictionary+RequestEncoding.h */,
				A39E34311564E0D40076ED6D /* NSDictionary+RequestEncoding.m */,
				A39E34321564E0D40076ED6D /* NSString+MKNetworkKitAdditions.h */,
				A39E34331564E0D40076ED6D /* NSString+MKNetworkKitAdditions.m */,
				A39E34341564E0D40076ED6D /* UIAlertView+MKNetworkKitAdditions.h */,
				A39E34351564E0D40076ED6D /* UIAlertView+MKNetworkKitAdditions.m */,
			);
			path = Categories;
			sourceTree = "<group>";
		};
		A39E343B1564E0D40076ED6D /* Reachability */ = {
			isa = PBXGroup;
			children = (
				A39E343C1564E0D40076ED6D /* Reachability.h */,
				A39E343D1564E0D40076ED6D /* Reachability.m */,
			);
			path = Reachability;
			sourceTree = "<group>";
		};
		C89BB19B15852AA800A27EA1 /* Images */ = {
			isa = PBXGroup;
			children = (
				C88D0AFF15B49CA70012C07B /* posts.png */,
				C88D0B0015B49CA70012C07B /* posts@2x.png */,
				C89BB1A215852AA800A27EA1 /* escheresque.png */,
				C89BB1A315852AA800A27EA1 /* launch.png */,
				C89BB1A415852AA800A27EA1 /* launch@2x.png */,
				C88D0AF715B49A560012C07B /* calendar.png */,
				C88D0AF815B49A560012C07B /* calendar@2x.png */,
				C88D0AF915B49A560012C07B /* info.png */,
				C88D0AFA15B49A560012C07B /* info@2x.png */,
				09359FEC1588977500B4EA3E /* line.png */,
				09359FEA1588974400B4EA3E /* line@2x.png */,
				C89BB1A515852AA800A27EA1 /* logo.png */,
				C89BB1A615852AA800A27EA1 /* logo@2x.png */,
				C89BB1A715852AA800A27EA1 /* navbar.png */,
				C89BB1A815852AA800A27EA1 /* navbar@2x.png */,
				C89BB1A915852AA800A27EA1 /* noise.png */,
				09359FE3158892AD00B4EA3E /* noise.png */,
				09359FE61588930300B4EA3E /* pin_map.png */,
				09359FE71588930300B4EA3E /* pin_map@2x.png */,
				C89BB1AA15852AA800A27EA1 /* selected.png */,
				C89BB1AB15852AA800A27EA1 /* selected@2x.png */,
				C89BB1AC15852AA800A27EA1 /* tabbar.png */,
				C89BB1AD15852AA800A27EA1 /* tabbar@2x.png */,
			);
			name = Images;
			path = "HI Capacity/Images";
			sourceTree = "<group>";
		};
/* End PBXGroup section */

/* Begin PBXNativeTarget section */
		A39E33E7155FA29F0076ED6D /* HI Capacity */ = {
			isa = PBXNativeTarget;
			buildConfigurationList = A39E341E155FA29F0076ED6D /* Build configuration list for PBXNativeTarget "HI Capacity" */;
			buildPhases = (
				A39E33E4155FA29F0076ED6D /* Sources */,
				A39E33E5155FA29F0076ED6D /* Frameworks */,
				A39E33E6155FA29F0076ED6D /* Resources */,
			);
			buildRules = (
			);
			dependencies = (
			);
			name = "HI Capacity";
			productName = "HI Capacity";
			productReference = A39E33E8155FA29F0076ED6D /* HI Capacity.app */;
			productType = "com.apple.product-type.application";
		};
		A39E340B155FA29F0076ED6D /* HI CapacityTests */ = {
			isa = PBXNativeTarget;
			buildConfigurationList = A39E3421155FA29F0076ED6D /* Build configuration list for PBXNativeTarget "HI CapacityTests" */;
			buildPhases = (
				A39E3407155FA29F0076ED6D /* Sources */,
				A39E3408155FA29F0076ED6D /* Frameworks */,
				A39E3409155FA29F0076ED6D /* Resources */,
				A39E340A155FA29F0076ED6D /* ShellScript */,
			);
			buildRules = (
			);
			dependencies = (
				A39E3412155FA29F0076ED6D /* PBXTargetDependency */,
			);
			name = "HI CapacityTests";
			productName = "HI CapacityTests";
			productReference = A39E340C155FA29F0076ED6D /* HI CapacityTests.octest */;
			productType = "com.apple.product-type.bundle";
		};
/* End PBXNativeTarget section */

/* Begin PBXProject section */
		A39E33DF155FA29E0076ED6D /* Project object */ = {
			isa = PBXProject;
			attributes = {
				LastUpgradeCheck = 0430;
			};
			buildConfigurationList = A39E33E2155FA29E0076ED6D /* Build configuration list for PBXProject "HI Capacity" */;
			compatibilityVersion = "Xcode 3.2";
			developmentRegion = English;
			hasScannedForEncodings = 0;
			knownRegions = (
				en,
			);
			mainGroup = A39E33DD155FA29E0076ED6D;
			productRefGroup = A39E33E9155FA29F0076ED6D /* Products */;
			projectDirPath = "";
			projectRoot = "";
			targets = (
				A39E33E7155FA29F0076ED6D /* HI Capacity */,
				A39E340B155FA29F0076ED6D /* HI CapacityTests */,
			);
		};
/* End PBXProject section */

/* Begin PBXResourcesBuildPhase section */
		A39E33E6155FA29F0076ED6D /* Resources */ = {
			isa = PBXResourcesBuildPhase;
			buildActionMask = 2147483647;
			files = (
				A39E33F7155FA29F0076ED6D /* InfoPlist.strings in Resources */,
				A39E3400155FA29F0076ED6D /* MainStoryboard_iPhone.storyboard in Resources */,
				09A4459D1567A6CD00634C53 /* TapkuLibrary.bundle in Resources */,
				09B27FF5157D55A00015FF1A /* SVProgressHUD.bundle in Resources */,
				C809EC5C157DED270040371E /* HICapIcon.png in Resources */,
				C809EC5E157DED310040371E /* HICapIcon@2x.png in Resources */,
				C89BB1981584D28D00A27EA1 /* Default@2x.png in Resources */,
				C89BB19A1584D29000A27EA1 /* Default.png in Resources */,
				C89BB1B415852AA800A27EA1 /* escheresque.png in Resources */,
				C89BB1B515852AA800A27EA1 /* launch.png in Resources */,
				C89BB1B615852AA800A27EA1 /* launch@2x.png in Resources */,
				C89BB1B715852AA800A27EA1 /* logo.png in Resources */,
				C89BB1B815852AA800A27EA1 /* logo@2x.png in Resources */,
				C89BB1B915852AA800A27EA1 /* navbar.png in Resources */,
				C89BB1BA15852AA800A27EA1 /* navbar@2x.png in Resources */,
				C89BB1BB15852AA800A27EA1 /* noise.png in Resources */,
				C89BB1BC15852AA800A27EA1 /* selected.png in Resources */,
				C89BB1BD15852AA800A27EA1 /* selected@2x.png in Resources */,
				C89BB1BE15852AA800A27EA1 /* tabbar.png in Resources */,
				C89BB1BF15852AA800A27EA1 /* tabbar@2x.png in Resources */,
				09359FE81588930300B4EA3E /* pin_map.png in Resources */,
				09359FE91588930300B4EA3E /* pin_map@2x.png in Resources */,
				09359FEB1588974400B4EA3E /* line@2x.png in Resources */,
				09359FED1588977500B4EA3E /* line.png in Resources */,
				C88D0AFB15B49A560012C07B /* calendar.png in Resources */,
				C88D0AFC15B49A560012C07B /* calendar@2x.png in Resources */,
				C88D0AFD15B49A560012C07B /* info.png in Resources */,
				C88D0AFE15B49A560012C07B /* info@2x.png in Resources */,
				C88D0B0115B49CA70012C07B /* posts.png in Resources */,
				C88D0B0215B49CA70012C07B /* posts@2x.png in Resources */,
				A3EF4AD615C89A4500ADAB58 /* iTunesArtwork.png in Resources */,
			);
			runOnlyForDeploymentPostprocessing = 0;
		};
		A39E3409155FA29F0076ED6D /* Resources */ = {
			isa = PBXResourcesBuildPhase;
			buildActionMask = 2147483647;
			files = (
				A39E3418155FA29F0076ED6D /* InfoPlist.strings in Resources */,
			);
			runOnlyForDeploymentPostprocessing = 0;
		};
/* End PBXResourcesBuildPhase section */

/* Begin PBXShellScriptBuildPhase section */
		A39E340A155FA29F0076ED6D /* ShellScript */ = {
			isa = PBXShellScriptBuildPhase;
			buildActionMask = 2147483647;
			files = (
			);
			inputPaths = (
			);
			outputPaths = (
			);
			runOnlyForDeploymentPostprocessing = 0;
			shellPath = /bin/sh;
			shellScript = "# Run the unit tests in this test bundle.\n\"${SYSTEM_DEVELOPER_DIR}/Tools/RunUnitTests\"\n";
		};
/* End PBXShellScriptBuildPhase section */

/* Begin PBXSourcesBuildPhase section */
		A39E33E4155FA29F0076ED6D /* Sources */ = {
			isa = PBXSourcesBuildPhase;
			buildActionMask = 2147483647;
			files = (
				A39E33F9155FA29F0076ED6D /* main.m in Sources */,
				A39E33FD155FA29F0076ED6D /* AppDelegate.m in Sources */,
				A39E343F1564E0D40076ED6D /* NSData+Base64.m in Sources */,
				A39E34401564E0D40076ED6D /* NSDate+RFC1123.m in Sources */,
				A39E34411564E0D40076ED6D /* NSDictionary+RequestEncoding.m in Sources */,
				A39E34421564E0D40076ED6D /* NSString+MKNetworkKitAdditions.m in Sources */,
				A39E34431564E0D40076ED6D /* UIAlertView+MKNetworkKitAdditions.m in Sources */,
				A39E34441564E0D40076ED6D /* MKNetworkEngine.m in Sources */,
				A39E34451564E0D40076ED6D /* MKNetworkOperation.m in Sources */,
				A39E34461564E0D40076ED6D /* Reachability.m in Sources */,
				A39E34501564E4830076ED6D /* HTTPEngine.m in Sources */,
				C8407A6D15662EFA001CAB68 /* PostsViewController.m in Sources */,
				C8407A7015663806001CAB68 /* PostContentViewController.m in Sources */,
				09A4459C1567A6CD00634C53 /* NSDate+TKCategory.m in Sources */,
				09A4459E1567A6CD00634C53 /* TKCalendarMonthTableViewController.m in Sources */,
				09A4459F1567A6CD00634C53 /* TKCalendarMonthView.m in Sources */,
				09A445A01567A6CD00634C53 /* TKCalendarMonthViewController.m in Sources */,
				09A445A11567A6CD00634C53 /* TKGlobal.m in Sources */,
				09A445A21567A6CD00634C53 /* UIImage+TKCategory.m in Sources */,
				09A445A31567A6CD00634C53 /* UIView+TKCategory.m in Sources */,
				09A445B11568645D00634C53 /* CalendarViewController.m in Sources */,
				091E407815731F8900EE1F9E /* Event.m in Sources */,
				09F56C69157B73B30028ACEB /* EventDetailsViewController.m in Sources */,
				09B27FF6157D55A00015FF1A /* SVProgressHUD.m in Sources */,
				0907D664158721E2009C395E /* AboutViewController.m in Sources */,
				0907D67115873DF6009C395E /* Location.m in Sources */,
				09517A83158AF4320016EDF8 /* Post.m in Sources */,
				098B1F6815B921CB00ACFAD1 /* ODRefreshControl.m in Sources */,
			);
			runOnlyForDeploymentPostprocessing = 0;
		};
		A39E3407155FA29F0076ED6D /* Sources */ = {
			isa = PBXSourcesBuildPhase;
			buildActionMask = 2147483647;
			files = (
				A39E341B155FA29F0076ED6D /* HI_CapacityTests.m in Sources */,
			);
			runOnlyForDeploymentPostprocessing = 0;
		};
/* End PBXSourcesBuildPhase section */

/* Begin PBXTargetDependency section */
		A39E3412155FA29F0076ED6D /* PBXTargetDependency */ = {
			isa = PBXTargetDependency;
			target = A39E33E7155FA29F0076ED6D /* HI Capacity */;
			targetProxy = A39E3411155FA29F0076ED6D /* PBXContainerItemProxy */;
		};
/* End PBXTargetDependency section */

/* Begin PBXVariantGroup section */
		A39E33F5155FA29F0076ED6D /* InfoPlist.strings */ = {
			isa = PBXVariantGroup;
			children = (
				A39E33F6155FA29F0076ED6D /* en */,
			);
			name = InfoPlist.strings;
			sourceTree = "<group>";
		};
		A39E33FE155FA29F0076ED6D /* MainStoryboard_iPhone.storyboard */ = {
			isa = PBXVariantGroup;
			children = (
				A39E33FF155FA29F0076ED6D /* en */,
			);
			name = MainStoryboard_iPhone.storyboard;
			sourceTree = "<group>";
		};
		A39E3416155FA29F0076ED6D /* InfoPlist.strings */ = {
			isa = PBXVariantGroup;
			children = (
				A39E3417155FA29F0076ED6D /* en */,
			);
			name = InfoPlist.strings;
			sourceTree = "<group>";
		};
/* End PBXVariantGroup section */

/* Begin XCBuildConfiguration section */
		A39E341C155FA29F0076ED6D /* Debug */ = {
			isa = XCBuildConfiguration;
			buildSettings = {
				ALWAYS_SEARCH_USER_PATHS = NO;
				ARCHS = "$(ARCHS_STANDARD_32_BIT)";
				CLANG_ENABLE_OBJC_ARC = YES;
				"CODE_SIGN_IDENTITY[sdk=iphoneos*]" = "iPhone Developer";
				COPY_PHASE_STRIP = NO;
				GCC_C_LANGUAGE_STANDARD = gnu99;
				GCC_DYNAMIC_NO_PIC = NO;
				GCC_OPTIMIZATION_LEVEL = 0;
				GCC_PREPROCESSOR_DEFINITIONS = (
					"DEBUG=1",
					"$(inherited)",
				);
				GCC_SYMBOLS_PRIVATE_EXTERN = NO;
				GCC_VERSION = com.apple.compilers.llvm.clang.1_0;
				GCC_WARN_ABOUT_RETURN_TYPE = YES;
				GCC_WARN_UNINITIALIZED_AUTOS = YES;
				GCC_WARN_UNUSED_VARIABLE = YES;
				IPHONEOS_DEPLOYMENT_TARGET = 5.0;
				SDKROOT = iphoneos;
				TARGETED_DEVICE_FAMILY = 1;
			};
			name = Debug;
		};
		A39E341D155FA29F0076ED6D /* Release */ = {
			isa = XCBuildConfiguration;
			buildSettings = {
				ALWAYS_SEARCH_USER_PATHS = NO;
				ARCHS = "$(ARCHS_STANDARD_32_BIT)";
				CLANG_ENABLE_OBJC_ARC = YES;
				"CODE_SIGN_IDENTITY[sdk=iphoneos*]" = "iPhone Distribution";
				COPY_PHASE_STRIP = YES;
				GCC_C_LANGUAGE_STANDARD = gnu99;
				GCC_VERSION = com.apple.compilers.llvm.clang.1_0;
				GCC_WARN_ABOUT_RETURN_TYPE = YES;
				GCC_WARN_UNINITIALIZED_AUTOS = YES;
				GCC_WARN_UNUSED_VARIABLE = YES;
				IPHONEOS_DEPLOYMENT_TARGET = 5.0;
				OTHER_CFLAGS = "-DNS_BLOCK_ASSERTIONS=1";
				"PROVISIONING_PROFILE[sdk=iphoneos*]" = "";
				SDKROOT = iphoneos;
				TARGETED_DEVICE_FAMILY = 1;
				VALIDATE_PRODUCT = YES;
			};
			name = Release;
		};
		A39E341F155FA29F0076ED6D /* Debug */ = {
			isa = XCBuildConfiguration;
			buildSettings = {
				GCC_PRECOMPILE_PREFIX_HEADER = YES;
				GCC_PREFIX_HEADER = "HI Capacity/HI Capacity-Prefix.pch";
				INFOPLIST_FILE = "HI Capacity/HI Capacity-Info.plist";
				IPHONEOS_DEPLOYMENT_TARGET = 5.0;
				PRODUCT_NAME = "$(TARGET_NAME)";
				TARGETED_DEVICE_FAMILY = 1;
				WRAPPER_EXTENSION = app;
			};
			name = Debug;
		};
		A39E3420155FA29F0076ED6D /* Release */ = {
			isa = XCBuildConfiguration;
			buildSettings = {
				GCC_PRECOMPILE_PREFIX_HEADER = YES;
				GCC_PREFIX_HEADER = "HI Capacity/HI Capacity-Prefix.pch";
				INFOPLIST_FILE = "HI Capacity/HI Capacity-Info.plist";
				IPHONEOS_DEPLOYMENT_TARGET = 5.0;
				PRODUCT_NAME = "$(TARGET_NAME)";
				TARGETED_DEVICE_FAMILY = 1;
				WRAPPER_EXTENSION = app;
			};
			name = Release;
		};
		A39E3422155FA29F0076ED6D /* Debug */ = {
			isa = XCBuildConfiguration;
			buildSettings = {
				BUNDLE_LOADER = "$(BUILT_PRODUCTS_DIR)/HI Capacity.app/HI Capacity";
				FRAMEWORK_SEARCH_PATHS = (
					"$(SDKROOT)/Developer/Library/Frameworks",
					"$(DEVELOPER_LIBRARY_DIR)/Frameworks",
				);
				GCC_PRECOMPILE_PREFIX_HEADER = YES;
				GCC_PREFIX_HEADER = "HI Capacity/HI Capacity-Prefix.pch";
				INFOPLIST_FILE = "HI CapacityTests/HI CapacityTests-Info.plist";
				PRODUCT_NAME = "$(TARGET_NAME)";
				TEST_HOST = "$(BUNDLE_LOADER)";
				WRAPPER_EXTENSION = octest;
			};
			name = Debug;
		};
		A39E3423155FA29F0076ED6D /* Release */ = {
			isa = XCBuildConfiguration;
			buildSettings = {
				BUNDLE_LOADER = "$(BUILT_PRODUCTS_DIR)/HI Capacity.app/HI Capacity";
				FRAMEWORK_SEARCH_PATHS = (
					"$(SDKROOT)/Developer/Library/Frameworks",
					"$(DEVELOPER_LIBRARY_DIR)/Frameworks",
				);
				GCC_PRECOMPILE_PREFIX_HEADER = YES;
				GCC_PREFIX_HEADER = "HI Capacity/HI Capacity-Prefix.pch";
				INFOPLIST_FILE = "HI CapacityTests/HI CapacityTests-Info.plist";
				PRODUCT_NAME = "$(TARGET_NAME)";
				TEST_HOST = "$(BUNDLE_LOADER)";
				WRAPPER_EXTENSION = octest;
			};
			name = Release;
		};
/* End XCBuildConfiguration section */

/* Begin XCConfigurationList section */
		A39E33E2155FA29E0076ED6D /* Build configuration list for PBXProject "HI Capacity" */ = {
			isa = XCConfigurationList;
			buildConfigurations = (
				A39E341C155FA29F0076ED6D /* Debug */,
				A39E341D155FA29F0076ED6D /* Release */,
			);
			defaultConfigurationIsVisible = 0;
			defaultConfigurationName = Release;
		};
		A39E341E155FA29F0076ED6D /* Build configuration list for PBXNativeTarget "HI Capacity" */ = {
			isa = XCConfigurationList;
			buildConfigurations = (
				A39E341F155FA29F0076ED6D /* Debug */,
				A39E3420155FA29F0076ED6D /* Release */,
			);
			defaultConfigurationIsVisible = 0;
			defaultConfigurationName = Release;
		};
		A39E3421155FA29F0076ED6D /* Build configuration list for PBXNativeTarget "HI CapacityTests" */ = {
			isa = XCConfigurationList;
			buildConfigurations = (
				A39E3422155FA29F0076ED6D /* Debug */,
				A39E3423155FA29F0076ED6D /* Release */,
			);
			defaultConfigurationIsVisible = 0;
			defaultConfigurationName = Release;
		};
/* End XCConfigurationList section */
	};
	rootObject = A39E33DF155FA29E0076ED6D /* Project object */;
}
